
Microsoft Visual Studio Solution File, Format Version 12.00
Project("{FAE04EC0-301F-11D3-BF4B-00C04F79EFBC}") = "ThreeBody", "ThreeBody\ThreeBody.csproj", "{FDA833D2-453E-42FC-9CC0-2A0A127E97AA}"
EndProject
Project("{FAE04EC0-301F-11D3-BF4B-00C04F79EFBC}") = "ThreeBodyFractal", "ThreeBodyFractal\ThreeBodyFractal.csproj", "{473E9A16-D567-4673-AF71-D0A9F43FC418}"
EndProject
Project("{FAE04EC0-301F-11D3-BF4B-00C04F79EFBC}") = "ThreeBodyFractalVisualisationOld", "ThreeBodyFractalVisualisationOld\ThreeBodyFractalVisualisationOld.csproj", "{374E8C23-790D-4915-9ACB-1C680FEBC233}"
EndProject
Project("{FAE04EC0-301F-11D3-BF4B-00C04F79EFBC}") = "Presentation", "Presentation\Presentation.csproj", "{7BE88A52-61C8-4047-90AE-B6A911EBB9A3}"
EndProject
Project("{FAE04EC0-301F-11D3-BF4B-00C04F79EFBC}") = "ThreeBodyVisualisation", "ThreeBodyVisualisation\ThreeBodyVisualisation.csproj", "{ADF99C1B-0C72-4F67-A243-E770DE19E180}"
EndProject
Project("{FAE04EC0-301F-11D3-BF4B-00C04F79EFBC}") = "ThreeBodyFractalVisualisation", "ThreeBodyFractalVisualisation\ThreeBodyFractalVisualisation.csproj", "{03BE0373-5FD5-49A6-BDF1-634ED4A87CD7}"
EndProject
Project("{FAE04EC0-301F-11D3-BF4B-00C04F79EFBC}") = "ThreeBodySandbox", "ThreeBodySandbox\ThreeBodySandbox.csproj", "{254BDF9E-69B5-4A4D-B4D4-B652D19916DE}"
EndProject
Project("{FAE04EC0-301F-11D3-BF4B-00C04F79EFBC}") = "ThreeBodyConsole", "ThreeBodyConsole\ThreeBodyConsole.csproj", "{A2C7F120-B2B3-44A1-B460-66A203BBB891}"
EndProject
Global
	GlobalSection(SolutionConfigurationPlatforms) = preSolution
		Debug|Any CPU = Debug|Any CPU
		Release|Any CPU = Release|Any CPU
	EndGlobalSection
	GlobalSection(ProjectConfigurationPlatforms) = postSolution
		{FDA833D2-453E-42FC-9CC0-2A0A127E97AA}.Debug|Any CPU.ActiveCfg = Debug|Any CPU
		{FDA833D2-453E-42FC-9CC0-2A0A127E97AA}.Debug|Any CPU.Build.0 = Debug|Any CPU
		{FDA833D2-453E-42FC-9CC0-2A0A127E97AA}.Release|Any CPU.ActiveCfg = Release|Any CPU
		{FDA833D2-453E-42FC-9CC0-2A0A127E97AA}.Release|Any CPU.Build.0 = Release|Any CPU
		{473E9A16-D567-4673-AF71-D0A9F43FC418}.Debug|Any CPU.ActiveCfg = Debug|Any CPU
		{473E9A16-D567-4673-AF71-D0A9F43FC418}.Debug|Any CPU.Build.0 = Debug|Any CPU
		{473E9A16-D567-4673-AF71-D0A9F43FC418}.Release|Any CPU.ActiveCfg = Release|Any CPU
		{473E9A16-D567-4673-AF71-D0A9F43FC418}.Release|Any CPU.Build.0 = Release|Any CPU
		{374E8C23-790D-4915-9ACB-1C680FEBC233}.Debug|Any CPU.ActiveCfg = Debug|Any CPU
		{374E8C23-790D-4915-9ACB-1C680FEBC233}.Debug|Any CPU.Build.0 = Debug|Any CPU
		{374E8C23-790D-4915-9ACB-1C680FEBC233}.Release|Any CPU.ActiveCfg = Release|Any CPU
		{374E8C23-790D-4915-9ACB-1C680FEBC233}.Release|Any CPU.Build.0 = Release|Any CPU
		{7BE88A52-61C8-4047-90AE-B6A911EBB9A3}.Debug|Any CPU.ActiveCfg = Debug|Any CPU
		{7BE88A52-61C8-4047-90AE-B6A911EBB9A3}.Debug|Any CPU.Build.0 = Debug|Any CPU
		{7BE88A52-61C8-4047-90AE-B6A911EBB9A3}.Release|Any CPU.ActiveCfg = Release|Any CPU
		{7BE88A52-61C8-4047-90AE-B6A911EBB9A3}.Release|Any CPU.Build.0 = Release|Any CPU
		{ADF99C1B-0C72-4F67-A243-E770DE19E180}.Debug|Any CPU.ActiveCfg = Debug|Any CPU
		{ADF99C1B-0C72-4F67-A243-E770DE19E180}.Debug|Any CPU.Build.0 = Debug|Any CPU
		{ADF99C1B-0C72-4F67-A243-E770DE19E180}.Release|Any CPU.ActiveCfg = Release|Any CPU
		{ADF99C1B-0C72-4F67-A243-E770DE19E180}.Release|Any CPU.Build.0 = Release|Any CPU
		{03BE0373-5FD5-49A6-BDF1-634ED4A87CD7}.Debug|Any CPU.ActiveCfg = Debug|Any CPU
		{03BE0373-5FD5-49A6-BDF1-634ED4A87CD7}.Debug|Any CPU.Build.0 = Debug|Any CPU
		{03BE0373-5FD5-49A6-BDF1-634ED4A87CD7}.Release|Any CPU.ActiveCfg = Release|Any CPU
		{03BE0373-5FD5-49A6-BDF1-634ED4A87CD7}.Release|Any CPU.Build.0 = Release|Any CPU
		{254BDF9E-69B5-4A4D-B4D4-B652D19916DE}.Debug|Any CPU.ActiveCfg = Debug|Any CPU
		{254BDF9E-69B5-4A4D-B4D4-B652D19916DE}.Debug|Any CPU.Build.0 = Debug|Any CPU
		{254BDF9E-69B5-4A4D-B4D4-B652D19916DE}.Release|Any CPU.ActiveCfg = Release|Any CPU
		{254BDF9E-69B5-4A4D-B4D4-B652D19916DE}.Release|Any CPU.Build.0 = Release|Any CPU
		{A2C7F120-B2B3-44A1-B460-66A203BBB891}.Debug|Any CPU.ActiveCfg = Debug|Any CPU
		{A2C7F120-B2B3-44A1-B460-66A203BBB891}.Debug|Any CPU.Build.0 = Debug|Any CPU
		{A2C7F120-B2B3-44A1-B460-66A203BBB891}.Release|Any CPU.ActiveCfg = Release|Any CPU
		{A2C7F120-B2B3-44A1-B460-66A203BBB891}.Release|Any CPU.Build.0 = Release|Any CPU
	EndGlobalSection
EndGlobal
